// !$*UTF8*$!
{
	archiveVersion = 1;
	classes = {
	};
	objectVersion = 77;
	objects = {

/* Begin PBXBuildFile section */
		E4260F7C2CB6B0EA0078946D /* App.swift in Sources */ = {isa = PBXBuildFile; fileRef = E4260F7B2CB6B0EA0078946D /* App.swift */; };
		E4260F7E2CB6B0EA0078946D /* KatsuView.swift in Sources */ = {isa = PBXBuildFile; fileRef = E4260F7D2CB6B0EA0078946D /* KatsuView.swift */; };
		E4260F822CB6B0EB0078946D /* Assets.xcassets in Resources */ = {isa = PBXBuildFile; fileRef = E4260F812CB6B0EB0078946D /* Assets.xcassets */; };
		E4260F912CB887A80078946D /* ClockEntry.swift in Sources */ = {isa = PBXBuildFile; fileRef = E4260F8F2CB887A20078946D /* ClockEntry.swift */; };
		E4260F942CB887B00078946D /* Project.swift in Sources */ = {isa = PBXBuildFile; fileRef = E4260F922CB887AA0078946D /* Project.swift */; };
		E4260F972CB88B940078946D /* EntryRow.swift in Sources */ = {isa = PBXBuildFile; fileRef = E4260F962CB88B8C0078946D /* EntryRow.swift */; };
		E4260F9A2CB975F30078946D /* Komponents in Frameworks */ = {isa = PBXBuildFile; productRef = E4260F992CB975F30078946D /* Komponents */; };
		E4260FA52CB9FC450078946D /* Break.swift in Sources */ = {isa = PBXBuildFile; fileRef = E4260FA42CB9FC410078946D /* Break.swift */; };
		E4260FA72CB9FE790078946D /* TimeClock.swift in Sources */ = {isa = PBXBuildFile; fileRef = E4260FA62CB9FE520078946D /* TimeClock.swift */; };
		E4260FAB2CBA0B450078946D /* Localizable.xcstrings in Resources */ = {isa = PBXBuildFile; fileRef = E4260FAA2CBA0B450078946D /* Localizable.xcstrings */; };
		E4260FAD2CBA0B520078946D /* InfoPlist.xcstrings in Resources */ = {isa = PBXBuildFile; fileRef = E4260FAC2CBA0B520078946D /* InfoPlist.xcstrings */; };
		E4260FB02CBA11750078946D /* PrivacyInfo.xcprivacy in Resources */ = {isa = PBXBuildFile; fileRef = E4260FAF2CBA11750078946D /* PrivacyInfo.xcprivacy */; };
		E4260FB22CBAB1AF0078946D /* MoreView.swift in Sources */ = {isa = PBXBuildFile; fileRef = E4260FB12CBAB1AE0078946D /* MoreView.swift */; };
		E4260FB52CBAB8C20078946D /* xlsxwriter in Frameworks */ = {isa = PBXBuildFile; productRef = E4260FB42CBAB8C20078946D /* xlsxwriter */; };
		E4260FB92CBFFE0E0078946D /* EntryEditor.swift in Sources */ = {isa = PBXBuildFile; fileRef = E4260FB82CBFFE0E0078946D /* EntryEditor.swift */; };
/* End PBXBuildFile section */

/* Begin PBXFileReference section */
		E4260F782CB6B0EA0078946D /* Working Hour.app */ = {isa = PBXFileReference; explicitFileType = wrapper.application; includeInIndex = 0; path = "Working Hour.app"; sourceTree = BUILT_PRODUCTS_DIR; };
		E4260F7B2CB6B0EA0078946D /* App.swift */ = {isa = PBXFileReference; lastKnownFileType = sourcecode.swift; path = App.swift; sourceTree = "<group>"; };
		E4260F7D2CB6B0EA0078946D /* KatsuView.swift */ = {isa = PBXFileReference; lastKnownFileType = sourcecode.swift; path = KatsuView.swift; sourceTree = "<group>"; };
		E4260F812CB6B0EB0078946D /* Assets.xcassets */ = {isa = PBXFileReference; lastKnownFileType = folder.assetcatalog; path = Assets.xcassets; sourceTree = "<group>"; };
		E4260F862CB6B0EB0078946D /* WorkingHour.entitlements */ = {isa = PBXFileReference; lastKnownFileType = text.plist.entitlements; path = WorkingHour.entitlements; sourceTree = "<group>"; };
		E4260F872CB6B0EB0078946D /* Info.plist */ = {isa = PBXFileReference; lastKnownFileType = text.plist.xml; path = Info.plist; sourceTree = "<group>"; };
		E4260F8F2CB887A20078946D /* ClockEntry.swift */ = {isa = PBXFileReference; lastKnownFileType = sourcecode.swift; path = ClockEntry.swift; sourceTree = "<group>"; };
		E4260F922CB887AA0078946D /* Project.swift */ = {isa = PBXFileReference; lastKnownFileType = sourcecode.swift; path = Project.swift; sourceTree = "<group>"; };
		E4260F962CB88B8C0078946D /* EntryRow.swift */ = {isa = PBXFileReference; lastKnownFileType = sourcecode.swift; path = EntryRow.swift; sourceTree = "<group>"; };
		E4260FA42CB9FC410078946D /* Break.swift */ = {isa = PBXFileReference; lastKnownFileType = sourcecode.swift; path = Break.swift; sourceTree = "<group>"; };
		E4260FA62CB9FE520078946D /* TimeClock.swift */ = {isa = PBXFileReference; lastKnownFileType = sourcecode.swift; path = TimeClock.swift; sourceTree = "<group>"; };
		E4260FAA2CBA0B450078946D /* Localizable.xcstrings */ = {isa = PBXFileReference; lastKnownFileType = text.json.xcstrings; path = Localizable.xcstrings; sourceTree = "<group>"; };
		E4260FAC2CBA0B520078946D /* InfoPlist.xcstrings */ = {isa = PBXFileReference; lastKnownFileType = text.json.xcstrings; path = InfoPlist.xcstrings; sourceTree = "<group>"; };
		E4260FAF2CBA11750078946D /* PrivacyInfo.xcprivacy */ = {isa = PBXFileReference; lastKnownFileType = text.xml; path = PrivacyInfo.xcprivacy; sourceTree = "<group>"; };
		E4260FB12CBAB1AE0078946D /* MoreView.swift */ = {isa = PBXFileReference; lastKnownFileType = sourcecode.swift; path = MoreView.swift; sourceTree = "<group>"; };
		E4260FB82CBFFE0E0078946D /* EntryEditor.swift */ = {isa = PBXFileReference; lastKnownFileType = sourcecode.swift; path = EntryEditor.swift; sourceTree = "<group>"; };
/* End PBXFileReference section */

/* Begin PBXFrameworksBuildPhase section */
		E4260F752CB6B0EA0078946D /* Frameworks */ = {
			isa = PBXFrameworksBuildPhase;
			buildActionMask = 2147483647;
			files = (
				E4260FB52CBAB8C20078946D /* xlsxwriter in Frameworks */,
				E4260F9A2CB975F30078946D /* Komponents in Frameworks */,
			);
			runOnlyForDeploymentPostprocessing = 0;
		};
/* End PBXFrameworksBuildPhase section */

/* Begin PBXGroup section */
		E4260F6F2CB6B0EA0078946D = {
			isa = PBXGroup;
			children = (
				E4260F9E2CB9F66C0078946D /* Shared */,
				E4260F9F2CB9F68B0078946D /* WorkingHour */,
				E4260F792CB6B0EA0078946D /* Products */,
			);
			sourceTree = "<group>";
		};
		E4260F792CB6B0EA0078946D /* Products */ = {
			isa = PBXGroup;
			children = (
				E4260F782CB6B0EA0078946D /* Working Hour.app */,
			);
			name = Products;
			sourceTree = "<group>";
		};
		E4260F9E2CB9F66C0078946D /* Shared */ = {
			isa = PBXGroup;
			children = (
				E4260FA32CB9FC3E0078946D /* Structs */,
				E4260FA22CB9FC370078946D /* Data Models */,
			);
			path = Shared;
			sourceTree = "<group>";
		};
		E4260F9F2CB9F68B0078946D /* WorkingHour */ = {
			isa = PBXGroup;
			children = (
				E4260F862CB6B0EB0078946D /* WorkingHour.entitlements */,
				E4260F872CB6B0EB0078946D /* Info.plist */,
				E4260F812CB6B0EB0078946D /* Assets.xcassets */,
				E4260FAA2CBA0B450078946D /* Localizable.xcstrings */,
				E4260FAC2CBA0B520078946D /* InfoPlist.xcstrings */,
				E4260FA02CB9F6980078946D /* Views */,
				E4260FAF2CBA11750078946D /* PrivacyInfo.xcprivacy */,
			);
			path = WorkingHour;
			sourceTree = "<group>";
		};
		E4260FA02CB9F6980078946D /* Views */ = {
			isa = PBXGroup;
			children = (
				E4260F7B2CB6B0EA0078946D /* App.swift */,
				E4260F7D2CB6B0EA0078946D /* KatsuView.swift */,
				E4260FB12CBAB1AE0078946D /* MoreView.swift */,
				E4260FA12CB9F7410078946D /* Shared */,
			);
			path = Views;
			sourceTree = "<group>";
		};
		E4260FA12CB9F7410078946D /* Shared */ = {
			isa = PBXGroup;
			children = (
				E4260FA62CB9FE520078946D /* TimeClock.swift */,
				E4260FB82CBFFE0E0078946D /* EntryEditor.swift */,
				E4260F962CB88B8C0078946D /* EntryRow.swift */,
			);
			path = Shared;
			sourceTree = "<group>";
		};
		E4260FA22CB9FC370078946D /* Data Models */ = {
			isa = PBXGroup;
			children = (
				E4260F8F2CB887A20078946D /* ClockEntry.swift */,
				E4260F922CB887AA0078946D /* Project.swift */,
			);
			path = "Data Models";
			sourceTree = "<group>";
		};
		E4260FA32CB9FC3E0078946D /* Structs */ = {
			isa = PBXGroup;
			children = (
				E4260FA42CB9FC410078946D /* Break.swift */,
			);
			path = Structs;
			sourceTree = "<group>";
		};
/* End PBXGroup section */

/* Begin PBXNativeTarget section */
		E4260F772CB6B0EA0078946D /* Working Hour */ = {
			isa = PBXNativeTarget;
			buildConfigurationList = E4260F892CB6B0EB0078946D /* Build configuration list for PBXNativeTarget "Working Hour" */;
			buildPhases = (
				E4260F742CB6B0EA0078946D /* Sources */,
				E4260F752CB6B0EA0078946D /* Frameworks */,
				E4260F762CB6B0EA0078946D /* Resources */,
				E4260FA82CB9FEC70078946D /* ShellScript */,
			);
			buildRules = (
			);
			dependencies = (
			);
			name = "Working Hour";
			packageProductDependencies = (
				E4260F992CB975F30078946D /* Komponents */,
				E4260FB42CBAB8C20078946D /* xlsxwriter */,
			);
			productName = WorkingHour;
			productReference = E4260F782CB6B0EA0078946D /* Working Hour.app */;
			productType = "com.apple.product-type.application";
		};
/* End PBXNativeTarget section */

/* Begin PBXProject section */
		E4260F702CB6B0EA0078946D /* Project object */ = {
			isa = PBXProject;
			attributes = {
				BuildIndependentTargetsInParallel = 1;
				LastSwiftUpdateCheck = 1600;
				LastUpgradeCheck = 1600;
				TargetAttributes = {
					E4260F772CB6B0EA0078946D = {
						CreatedOnToolsVersion = 16.0;
					};
				};
			};
			buildConfigurationList = E4260F732CB6B0EA0078946D /* Build configuration list for PBXProject "WorkingHour" */;
			developmentRegion = en;
			hasScannedForEncodings = 0;
			knownRegions = (
				en,
				Base,
				ja,
			);
			mainGroup = E4260F6F2CB6B0EA0078946D;
			minimizedProjectReferenceProxies = 1;
			packageReferences = (
				E4260F982CB975F30078946D /* XCRemoteSwiftPackageReference "Komponents" */,
				E4260FB32CBAB8C20078946D /* XCRemoteSwiftPackageReference "xlsxwriter" */,
			);
			preferredProjectObjectVersion = 77;
			productRefGroup = E4260F792CB6B0EA0078946D /* Products */;
			projectDirPath = "";
			projectRoot = "";
			targets = (
				E4260F772CB6B0EA0078946D /* Working Hour */,
			);
		};
/* End PBXProject section */

/* Begin PBXResourcesBuildPhase section */
		E4260F762CB6B0EA0078946D /* Resources */ = {
			isa = PBXResourcesBuildPhase;
			buildActionMask = 2147483647;
			files = (
				E4260FAD2CBA0B520078946D /* InfoPlist.xcstrings in Resources */,
				E4260FAB2CBA0B450078946D /* Localizable.xcstrings in Resources */,
				E4260FB02CBA11750078946D /* PrivacyInfo.xcprivacy in Resources */,
				E4260F822CB6B0EB0078946D /* Assets.xcassets in Resources */,
			);
			runOnlyForDeploymentPostprocessing = 0;
		};
/* End PBXResourcesBuildPhase section */

/* Begin PBXShellScriptBuildPhase section */
		E4260FA82CB9FEC70078946D /* ShellScript */ = {
			isa = PBXShellScriptBuildPhase;
			alwaysOutOfDate = 1;
			buildActionMask = 2147483647;
			files = (
			);
			inputFileListPaths = (
			);
			inputPaths = (
			);
			outputFileListPaths = (
			);
			outputPaths = (
			);
			runOnlyForDeploymentPostprocessing = 0;
			shellPath = /bin/sh;
			shellScript = "export PATH=\"$PATH:/opt/homebrew/bin\"\nif which swiftlint > /dev/null; then\n  swiftlint\nelse\n  echo \"warning: SwiftLint not installed, download from https://github.com/realm/SwiftLint\"\nfi\n";
		};
/* End PBXShellScriptBuildPhase section */

/* Begin PBXSourcesBuildPhase section */
		E4260F742CB6B0EA0078946D /* Sources */ = {
			isa = PBXSourcesBuildPhase;
			buildActionMask = 2147483647;
			files = (
				E4260F7E2CB6B0EA0078946D /* KatsuView.swift in Sources */,
				E4260FA52CB9FC450078946D /* Break.swift in Sources */,
				E4260FA72CB9FE790078946D /* TimeClock.swift in Sources */,
				E4260F912CB887A80078946D /* ClockEntry.swift in Sources */,
				E4260FB92CBFFE0E0078946D /* EntryEditor.swift in Sources */,
				E4260F942CB887B00078946D /* Project.swift in Sources */,
				E4260F7C2CB6B0EA0078946D /* App.swift in Sources */,
				E4260F972CB88B940078946D /* EntryRow.swift in Sources */,
				E4260FB22CBAB1AF0078946D /* MoreView.swift in Sources */,
			);
			runOnlyForDeploymentPostprocessing = 0;
		};
/* End PBXSourcesBuildPhase section */

/* Begin XCBuildConfiguration section */
		E4260F8A2CB6B0EB0078946D /* Debug */ = {
			isa = XCBuildConfiguration;
			buildSettings = {
				ASSETCATALOG_COMPILER_APPICON_NAME = AppIcon;
				ASSETCATALOG_COMPILER_GLOBAL_ACCENT_COLOR_NAME = AccentColor;
				CODE_SIGN_ENTITLEMENTS = WorkingHour/WorkingHour.entitlements;
				CODE_SIGN_STYLE = Automatic;
				CURRENT_PROJECT_VERSION = 2;
				DEVELOPMENT_TEAM = YYM4Z6MU8F;
				ENABLE_PREVIEWS = YES;
				ENABLE_USER_SCRIPT_SANDBOXING = NO;
				GENERATE_INFOPLIST_FILE = YES;
				INFOPLIST_FILE = WorkingHour/Info.plist;
				INFOPLIST_KEY_CFBundleDisplayName = Timesheet;
				INFOPLIST_KEY_UIApplicationSceneManifest_Generation = YES;
				INFOPLIST_KEY_UIApplicationSupportsIndirectInputEvents = YES;
				INFOPLIST_KEY_UILaunchScreen_Generation = YES;
				INFOPLIST_KEY_UISupportedInterfaceOrientations = UIInterfaceOrientationPortrait;
				INFOPLIST_KEY_UISupportedInterfaceOrientations_iPad = "UIInterfaceOrientationLandscapeLeft UIInterfaceOrientationLandscapeRight UIInterfaceOrientationPortrait UIInterfaceOrientationPortraitUpsideDown";
				LD_RUNPATH_SEARCH_PATHS = (
					"$(inherited)",
					"@executable_path/Frameworks",
				);
				MARKETING_VERSION = 1.0;
				PRODUCT_BUNDLE_IDENTIFIER = com.tsubuzaki.WorkingHour;
				PRODUCT_NAME = "$(TARGET_NAME)";
				SUPPORTED_PLATFORMS = "iphoneos iphonesimulator";
				SUPPORTS_MACCATALYST = NO;
				SWIFT_EMIT_LOC_STRINGS = YES;
				SWIFT_VERSION = 5.0;
				TARGETED_DEVICE_FAMILY = 1;
			};
			name = Debug;
		};
		E4260F8B2CB6B0EB0078946D /* Release */ = {
			isa = XCBuildConfiguration;
			buildSettings = {
				ASSETCATALOG_COMPILER_APPICON_NAME = AppIcon;
				ASSETCATALOG_COMPILER_GLOBAL_ACCENT_COLOR_NAME = AccentColor;
				CODE_SIGN_ENTITLEMENTS = WorkingHour/WorkingHour.entitlements;
				CODE_SIGN_STYLE = Automatic;
				CURRENT_PROJECT_VERSION = 2;
				DEVELOPMENT_TEAM = YYM4Z6MU8F;
				ENABLE_PREVIEWS = YES;
				ENABLE_USER_SCRIPT_SANDBOXING = NO;
				GENERATE_INFOPLIST_FILE = YES;
				INFOPLIST_FILE = WorkingHour/Info.plist;
				INFOPLIST_KEY_CFBundleDisplayName = Timesheet;
				INFOPLIST_KEY_UIApplicationSceneManifest_Generation = YES;
				INFOPLIST_KEY_UIApplicationSupportsIndirectInputEvents = YES;
				INFOPLIST_KEY_UILaunchScreen_Generation = YES;
				INFOPLIST_KEY_UISupportedInterfaceOrientations = UIInterfaceOrientationPortrait;
				INFOPLIST_KEY_UISupportedInterfaceOrientations_iPad = "UIInterfaceOrientationLandscapeLeft UIInterfaceOrientationLandscapeRight UIInterfaceOrientationPortrait UIInterfaceOrientationPortraitUpsideDown";
				LD_RUNPATH_SEARCH_PATHS = (
					"$(inherited)",
					"@executable_path/Frameworks",
				);
				MARKETING_VERSION = 1.0;
				PRODUCT_BUNDLE_IDENTIFIER = com.tsubuzaki.WorkingHour;
				PRODUCT_NAME = "$(TARGET_NAME)";
				SUPPORTED_PLATFORMS = "iphoneos iphonesimulator";
				SUPPORTS_MACCATALYST = NO;
				SWIFT_EMIT_LOC_STRINGS = YES;
				SWIFT_VERSION = 5.0;
				TARGETED_DEVICE_FAMILY = 1;
			};
			name = Release;
		};
		E4260F8C2CB6B0EB0078946D /* Debug */ = {
			isa = XCBuildConfiguration;
			buildSettings = {
				ALWAYS_SEARCH_USER_PATHS = NO;
				ASSETCATALOG_COMPILER_GENERATE_SWIFT_ASSET_SYMBOL_EXTENSIONS = YES;
				CLANG_ANALYZER_NONNULL = YES;
				CLANG_ANALYZER_NUMBER_OBJECT_CONVERSION = YES_AGGRESSIVE;
				CLANG_CXX_LANGUAGE_STANDARD = "gnu++20";
				CLANG_ENABLE_MODULES = YES;
				CLANG_ENABLE_OBJC_ARC = YES;
				CLANG_ENABLE_OBJC_WEAK = YES;
				CLANG_WARN_BLOCK_CAPTURE_AUTORELEASING = YES;
				CLANG_WARN_BOOL_CONVERSION = YES;
				CLANG_WARN_COMMA = YES;
				CLANG_WARN_CONSTANT_CONVERSION = YES;
				CLANG_WARN_DEPRECATED_OBJC_IMPLEMENTATIONS = YES;
				CLANG_WARN_DIRECT_OBJC_ISA_USAGE = YES_ERROR;
				CLANG_WARN_DOCUMENTATION_COMMENTS = YES;
				CLANG_WARN_EMPTY_BODY = YES;
				CLANG_WARN_ENUM_CONVERSION = YES;
				CLANG_WARN_INFINITE_RECURSION = YES;
				CLANG_WARN_INT_CONVERSION = YES;
				CLANG_WARN_NON_LITERAL_NULL_CONVERSION = YES;
				CLANG_WARN_OBJC_IMPLICIT_RETAIN_SELF = YES;
				CLANG_WARN_OBJC_LITERAL_CONVERSION = YES;
				CLANG_WARN_OBJC_ROOT_CLASS = YES_ERROR;
				CLANG_WARN_QUOTED_INCLUDE_IN_FRAMEWORK_HEADER = YES;
				CLANG_WARN_RANGE_LOOP_ANALYSIS = YES;
				CLANG_WARN_STRICT_PROTOTYPES = YES;
				CLANG_WARN_SUSPICIOUS_MOVE = YES;
				CLANG_WARN_UNGUARDED_AVAILABILITY = YES_AGGRESSIVE;
				CLANG_WARN_UNREACHABLE_CODE = YES;
				CLANG_WARN__DUPLICATE_METHOD_MATCH = YES;
				COPY_PHASE_STRIP = NO;
				DEBUG_INFORMATION_FORMAT = dwarf;
				ENABLE_STRICT_OBJC_MSGSEND = YES;
				ENABLE_TESTABILITY = YES;
				ENABLE_USER_SCRIPT_SANDBOXING = YES;
				GCC_C_LANGUAGE_STANDARD = gnu17;
				GCC_DYNAMIC_NO_PIC = NO;
				GCC_NO_COMMON_BLOCKS = YES;
				GCC_OPTIMIZATION_LEVEL = 0;
				GCC_PREPROCESSOR_DEFINITIONS = (
					"DEBUG=1",
					"$(inherited)",
				);
				GCC_WARN_64_TO_32_BIT_CONVERSION = YES;
				GCC_WARN_ABOUT_RETURN_TYPE = YES_ERROR;
				GCC_WARN_UNDECLARED_SELECTOR = YES;
				GCC_WARN_UNINITIALIZED_AUTOS = YES_AGGRESSIVE;
				GCC_WARN_UNUSED_FUNCTION = YES;
				GCC_WARN_UNUSED_VARIABLE = YES;
				IPHONEOS_DEPLOYMENT_TARGET = 18.0;
				LOCALIZATION_PREFERS_STRING_CATALOGS = YES;
				MTL_ENABLE_DEBUG_INFO = INCLUDE_SOURCE;
				MTL_FAST_MATH = YES;
				ONLY_ACTIVE_ARCH = YES;
				SDKROOT = iphoneos;
				SWIFT_ACTIVE_COMPILATION_CONDITIONS = "DEBUG $(inherited)";
				SWIFT_EMIT_LOC_STRINGS = YES;
				SWIFT_OPTIMIZATION_LEVEL = "-Onone";
			};
			name = Debug;
		};
		E4260F8D2CB6B0EB0078946D /* Release */ = {
			isa = XCBuildConfiguration;
			buildSettings = {
				ALWAYS_SEARCH_USER_PATHS = NO;
				ASSETCATALOG_COMPILER_GENERATE_SWIFT_ASSET_SYMBOL_EXTENSIONS = YES;
				CLANG_ANALYZER_NONNULL = YES;
				CLANG_ANALYZER_NUMBER_OBJECT_CONVERSION = YES_AGGRESSIVE;
				CLANG_CXX_LANGUAGE_STANDARD = "gnu++20";
				CLANG_ENABLE_MODULES = YES;
				CLANG_ENABLE_OBJC_ARC = YES;
				CLANG_ENABLE_OBJC_WEAK = YES;
				CLANG_WARN_BLOCK_CAPTURE_AUTORELEASING = YES;
				CLANG_WARN_BOOL_CONVERSION = YES;
				CLANG_WARN_COMMA = YES;
				CLANG_WARN_CONSTANT_CONVERSION = YES;
				CLANG_WARN_DEPRECATED_OBJC_IMPLEMENTATIONS = YES;
				CLANG_WARN_DIRECT_OBJC_ISA_USAGE = YES_ERROR;
				CLANG_WARN_DOCUMENTATION_COMMENTS = YES;
				CLANG_WARN_EMPTY_BODY = YES;
				CLANG_WARN_ENUM_CONVERSION = YES;
				CLANG_WARN_INFINITE_RECURSION = YES;
				CLANG_WARN_INT_CONVERSION = YES;
				CLANG_WARN_NON_LITERAL_NULL_CONVERSION = YES;
				CLANG_WARN_OBJC_IMPLICIT_RETAIN_SELF = YES;
				CLANG_WARN_OBJC_LITERAL_CONVERSION = YES;
				CLANG_WARN_OBJC_ROOT_CLASS = YES_ERROR;
				CLANG_WARN_QUOTED_INCLUDE_IN_FRAMEWORK_HEADER = YES;
				CLANG_WARN_RANGE_LOOP_ANALYSIS = YES;
				CLANG_WARN_STRICT_PROTOTYPES = YES;
				CLANG_WARN_SUSPICIOUS_MOVE = YES;
				CLANG_WARN_UNGUARDED_AVAILABILITY = YES_AGGRESSIVE;
				CLANG_WARN_UNREACHABLE_CODE = YES;
				CLANG_WARN__DUPLICATE_METHOD_MATCH = YES;
				COPY_PHASE_STRIP = NO;
				DEBUG_INFORMATION_FORMAT = "dwarf-with-dsym";
				ENABLE_NS_ASSERTIONS = NO;
				ENABLE_STRICT_OBJC_MSGSEND = YES;
				ENABLE_USER_SCRIPT_SANDBOXING = YES;
				GCC_C_LANGUAGE_STANDARD = gnu17;
				GCC_NO_COMMON_BLOCKS = YES;
				GCC_WARN_64_TO_32_BIT_CONVERSION = YES;
				GCC_WARN_ABOUT_RETURN_TYPE = YES_ERROR;
				GCC_WARN_UNDECLARED_SELECTOR = YES;
				GCC_WARN_UNINITIALIZED_AUTOS = YES_AGGRESSIVE;
				GCC_WARN_UNUSED_FUNCTION = YES;
				GCC_WARN_UNUSED_VARIABLE = YES;
				IPHONEOS_DEPLOYMENT_TARGET = 18.0;
				LOCALIZATION_PREFERS_STRING_CATALOGS = YES;
				MTL_ENABLE_DEBUG_INFO = NO;
				MTL_FAST_MATH = YES;
				SDKROOT = iphoneos;
				SWIFT_COMPILATION_MODE = wholemodule;
				SWIFT_EMIT_LOC_STRINGS = YES;
				VALIDATE_PRODUCT = YES;
			};
			name = Release;
		};
/* End XCBuildConfiguration section */

/* Begin XCConfigurationList section */
		E4260F732CB6B0EA0078946D /* Build configuration list for PBXProject "WorkingHour" */ = {
			isa = XCConfigurationList;
			buildConfigurations = (
				E4260F8C2CB6B0EB0078946D /* Debug */,
				E4260F8D2CB6B0EB0078946D /* Release */,
			);
			defaultConfigurationIsVisible = 0;
			defaultConfigurationName = Release;
		};
		E4260F892CB6B0EB0078946D /* Build configuration list for PBXNativeTarget "Working Hour" */ = {
			isa = XCConfigurationList;
			buildConfigurations = (
				E4260F8A2CB6B0EB0078946D /* Debug */,
				E4260F8B2CB6B0EB0078946D /* Release */,
			);
			defaultConfigurationIsVisible = 0;
			defaultConfigurationName = Release;
		};
/* End XCConfigurationList section */

/* Begin XCRemoteSwiftPackageReference section */
		E4260F982CB975F30078946D /* XCRemoteSwiftPackageReference "Komponents" */ = {
			isa = XCRemoteSwiftPackageReference;
			repositoryURL = "https://github.com/katagaki/Komponents";
			requirement = {
				branch = main;
				kind = branch;
			};
		};
		E4260FB32CBAB8C20078946D /* XCRemoteSwiftPackageReference "xlsxwriter" */ = {
			isa = XCRemoteSwiftPackageReference;
			repositoryURL = "https://github.com/damuellen/xlsxwriter.swift";
			requirement = {
				branch = main;
				kind = branch;
			};
		};
/* End XCRemoteSwiftPackageReference section */

/* Begin XCSwiftPackageProductDependency section */
		E4260F992CB975F30078946D /* Komponents */ = {
			isa = XCSwiftPackageProductDependency;
			package = E4260F982CB975F30078946D /* XCRemoteSwiftPackageReference "Komponents" */;
			productName = Komponents;
		};
		E4260FB42CBAB8C20078946D /* xlsxwriter */ = {
			isa = XCSwiftPackageProductDependency;
			package = E4260FB32CBAB8C20078946D /* XCRemoteSwiftPackageReference "xlsxwriter" */;
			productName = xlsxwriter;
		};
/* End XCSwiftPackageProductDependency section */
	};
	rootObject = E4260F702CB6B0EA0078946D /* Project object */;
}
