{
  "originHash" : "c3db6fe102bb33f70add6685dad02b366bcba991b0940da7e6825c54959ee6cf",
  "pins" : [
    {
      "identity" : "komponents",
      "kind" : "remoteSourceControl",
      "location" : "https://github.com/katagaki/Komponents",
      "state" : {
        "branch" : "main",
        "revision" : "93f484d6f2cef9c179387fcca2b2048413f9f0a6"
      }
    },
    {
      "identity" : "libxlsxwriter",
      "kind" : "remoteSourceControl",
      "location" : "https://github.com/jmcnamara/libxlsxwriter",
      "state" : {
        "branch" : "main",
        "revision" : "2894634d65cee6021901a165bfc2bb0fad6da193"
      }
    },
    {
      "identity" : "xlsxwriter.swift",
      "kind" : "remoteSourceControl",
      "location" : "https://github.com/damuellen/xlsxwriter.swift",
      "state" : {
        "branch" : "main",
        "revision" : "5f581ad5194e7e7cd1c6f04e98c99f42c4a347e3"
      }
    }
  ],
  "version" : 3
}
