{
  "originHash" : "c3db6fe102bb33f70add6685dad02b366bcba991b0940da7e6825c54959ee6cf",
  "pins" : [
    {
      "identity" : "komponents",
      "kind" : "remoteSourceControl",
      "location" : "https://github.com/katagaki/Komponents",
      "state" : {
        "branch" : "main",
        "revision" : "12e15fb878abe570856f42db79cdc378af805c58"
      }
    },
    {
      "identity" : "libxlsxwriter",
      "kind" : "remoteSourceControl",
      "location" : "https://github.com/jmcnamara/libxlsxwriter",
      "state" : {
        "branch" : "main",
        "revision" : "6f2ac4af23879c3d660b0fe689f423c19f8457d1"
      }
    },
    {
      "identity" : "xlsxwriter.swift",
      "kind" : "remoteSourceControl",
      "location" : "https://github.com/damuellen/xlsxwriter.swift",
      "state" : {
        "branch" : "main",
        "revision" : "5f581ad5194e7e7cd1c6f04e98c99f42c4a347e3"
      }
    }
  ],
  "version" : 3
}
