{
  "originHash" : "c3db6fe102bb33f70add6685dad02b366bcba991b0940da7e6825c54959ee6cf",
  "pins" : [
    {
      "identity" : "komponents",
      "kind" : "remoteSourceControl",
      "location" : "https://github.com/katagaki/Komponents",
      "state" : {
        "branch" : "main",
        "revision" : "2b00b67e904127c36d39ce0defee2a5cdc50df8a"
      }
    },
    {
      "identity" : "libxlsxwriter",
      "kind" : "remoteSourceControl",
      "location" : "https://github.com/jmcnamara/libxlsxwriter",
      "state" : {
        "branch" : "main",
        "revision" : "d9633436dcfee1d5018218e7b980241ccd612245"
      }
    },
    {
      "identity" : "xlsxwriter.swift",
      "kind" : "remoteSourceControl",
      "location" : "https://github.com/damuellen/xlsxwriter.swift",
      "state" : {
        "branch" : "main",
        "revision" : "5f581ad5194e7e7cd1c6f04e98c99f42c4a347e3"
      }
    }
  ],
  "version" : 3
}
